
Microsoft Visual Studio Solution File, Format Version 12.00
# Visual Studio 2012
Project("{F184B08F-C81C-45F6-A57F-5ABD9991F28F}") = "4_5_SemenchukNadiia", "4_5_SemenchukNadiia.vbproj", "{AB030DA4-49A8-41F7-950D-58113FDEBA09}"
EndProject
Global
	GlobalSection(SolutionConfigurationPlatforms) = preSolution
		Debug|Any CPU = Debug|Any CPU
		Release|Any CPU = Release|Any CPU
	EndGlobalSection
	GlobalSection(ProjectConfigurationPlatforms) = postSolution
		{AB030DA4-49A8-41F7-950D-58113FDEBA09}.Debug|Any CPU.ActiveCfg = Debug|Any CPU
		{AB030DA4-49A8-41F7-950D-58113FDEBA09}.Debug|Any CPU.Build.0 = Debug|Any CPU
		{AB030DA4-49A8-41F7-950D-58113FDEBA09}.Release|Any CPU.ActiveCfg = Release|Any CPU
		{AB030DA4-49A8-41F7-950D-58113FDEBA09}.Release|Any CPU.Build.0 = Release|Any CPU
	EndGlobalSection
	GlobalSection(SolutionProperties) = preSolution
		HideSolutionNode = FALSE
	EndGlobalSection
EndGlobal
